
Microsoft Visual Studio Solution File, Format Version 12.00
# Visual Studio 15
VisualStudioVersion = 15.0.27130.2010
MinimumVisualStudioVersion = 10.0.40219.1
Project("{8BC9CEB8-8B4A-11D0-8D11-00A0C91BC942}") = "DiabloRemake", "DiabloRemake\DiabloRemake.vcxproj", "{0BA6A035-02E7-4B6B-9B72-5213641F435F}"
EndProject
Global
	GlobalSection(SolutionConfigurationPlatforms) = preSolution
		Debug|x64 = Debug|x64
		Debug|x86 = Debug|x86
		Release|x64 = Release|x64
		Release|x86 = Release|x86
	EndGlobalSection
	GlobalSection(ProjectConfigurationPlatforms) = postSolution
		{0BA6A035-02E7-4B6B-9B72-5213641F435F}.Debug|x64.ActiveCfg = Debug|x64
		{0BA6A035-02E7-4B6B-9B72-5213641F435F}.Debug|x64.Build.0 = Debug|x64
		{0BA6A035-02E7-4B6B-9B72-5213641F435F}.Debug|x86.ActiveCfg = Debug|Win32
		{0BA6A035-02E7-4B6B-9B72-5213641F435F}.Debug|x86.Build.0 = Debug|Win32
		{0BA6A035-02E7-4B6B-9B72-5213641F435F}.Release|x64.ActiveCfg = Release|x64
		{0BA6A035-02E7-4B6B-9B72-5213641F435F}.Release|x64.Build.0 = Release|x64
		{0BA6A035-02E7-4B6B-9B72-5213641F435F}.Release|x86.ActiveCfg = Release|Win32
		{0BA6A035-02E7-4B6B-9B72-5213641F435F}.Release|x86.Build.0 = Release|Win32
	EndGlobalSection
	GlobalSection(SolutionProperties) = preSolution
		HideSolutionNode = FALSE
	EndGlobalSection
	GlobalSection(ExtensibilityGlobals) = postSolution
		SolutionGuid = {D381BDC6-19A8-4DEA-B207-F27B0725189F}
	EndGlobalSection
EndGlobal
